// !$*UTF8*$!
{
	archiveVersion = 1;
	classes = {
	};
	objectVersion = 77;
	objects = {

/* Begin PBXBuildFile section */
		0CFA0600B842AC7648C8E6D2 /* AIService.swift in Sources */ = {isa = PBXBuildFile; fileRef = D69E7B40C1114898FC7BC8F8 /* AIService.swift */; };
		139682E9EE7254B8BF5476FB /* HomeContentView.swift in Sources */ = {isa = PBXBuildFile; fileRef = E1F30B38D19A1C2CA2A107C9 /* HomeContentView.swift */; };
		13FB7E620C1BBB09BB00DCF3 /* WhatToEatApp.swift in Sources */ = {isa = PBXBuildFile; fileRef = E284ADA43FAE26216B5707B8 /* WhatToEatApp.swift */; };
		15C47D46DC4B78D7D921376A /* MembershipPage.swift in Sources */ = {isa = PBXBuildFile; fileRef = F73600141533D226E68B2F04 /* MembershipPage.swift */; };
		1C9BB8710977F96BE0B16DFE /* APIService.swift in Sources */ = {isa = PBXBuildFile; fileRef = CEE479D68260A79BA52E2D8B /* APIService.swift */; };
		20318B88B441E46ADF2DB30D /* DiscoverView.swift in Sources */ = {isa = PBXBuildFile; fileRef = 69C532A43FDC0731D2976AA1 /* DiscoverView.swift */; };
		39789FC26EB96415A049A94D /* HistoryView.swift in Sources */ = {isa = PBXBuildFile; fileRef = 3E7786D76E62EA8119D3C3DB /* HistoryView.swift */; };
		41B050909369958EC507F1BC /* Constants.swift in Sources */ = {isa = PBXBuildFile; fileRef = 1AA24BC4004470F2393B2534 /* Constants.swift */; };
		4F85813F8ECBB104BDDFEE92 /* PrivacyPage.swift in Sources */ = {isa = PBXBuildFile; fileRef = 1724116BDDA31121758E3453 /* PrivacyPage.swift */; };
		51A844ECD6A8616CF6284928 /* Dish.swift in Sources */ = {isa = PBXBuildFile; fileRef = D130CC27A701FA7B283E5E50 /* Dish.swift */; };
		5DE256507DEA9DF8E744DEB1 /* SubscriptionService.swift in Sources */ = {isa = PBXBuildFile; fileRef = ACE1736B537F88CD0E019005 /* SubscriptionService.swift */; };
		675A8941BCF8A44628188DBE /* MockAPIService.swift in Sources */ = {isa = PBXBuildFile; fileRef = D46272F771562B4B4CC2CC9C /* MockAPIService.swift */; };
		6ED1EDF8FCFA6C9F04932432 /* AboutPage.swift in Sources */ = {isa = PBXBuildFile; fileRef = 6226B4EFE0ADA2DAB981B343 /* AboutPage.swift */; };
		7039A909C079DDD9F853224E /* CuisineSelectionPage.swift in Sources */ = {isa = PBXBuildFile; fileRef = FC58454B70D77B4417EBD8FA /* CuisineSelectionPage.swift */; };
		7B97AC04DE6EE8E2DBE4B1A0 /* OnboardingStep2.swift in Sources */ = {isa = PBXBuildFile; fileRef = 73484DA23F2C39660089EBE8 /* OnboardingStep2.swift */; };
		7F37BDBEC381D7F63AF31002 /* SwipeCardView.swift in Sources */ = {isa = PBXBuildFile; fileRef = C38C09EB728F3FEC89D9366C /* SwipeCardView.swift */; };
		803B584772F9FCA44FDF6DAC /* LaunchScreen.storyboard in Resources */ = {isa = PBXBuildFile; fileRef = EA56450FAAE1A7175E2FE613 /* LaunchScreen.storyboard */; };
		80ABF3FEE8BF795E7FCFE588 /* FavoritesPage.swift in Sources */ = {isa = PBXBuildFile; fileRef = 9958D86F73C23CADAA343592 /* FavoritesPage.swift */; };
		8BF4BE36BEDFEC62A5901027 /* ExploreView.swift in Sources */ = {isa = PBXBuildFile; fileRef = 8D607DA0783E67BBE83D97E3 /* ExploreView.swift */; };
		8E1A29E54B96F01E93256A5B /* MyProfilePage.swift in Sources */ = {isa = PBXBuildFile; fileRef = 5772D4EEFD5BAC36A5D0E1C9 /* MyProfilePage.swift */; };
		A110AC1926323790276D6FFC /* HealthView.swift in Sources */ = {isa = PBXBuildFile; fileRef = 28DEFA1CC9CFEAA7CD0D0D29 /* HealthView.swift */; };
		B0730DE53FC9E6D7EE64F1F3 /* HomeView.swift in Sources */ = {isa = PBXBuildFile; fileRef = 9DFD7EC0BC355F5B63F4999D /* HomeView.swift */; };
		B545243A0330CF97C601BB9A /* ProfileView.swift in Sources */ = {isa = PBXBuildFile; fileRef = 64C11AC27A2A45332B00F5EE /* ProfileView.swift */; };
		BADDBCAA4C07C254EAD6FF7F /* HistoryPage.swift in Sources */ = {isa = PBXBuildFile; fileRef = 9CC2BD42C6894A8162709D65 /* HistoryPage.swift */; };
		C0BCE0BFFAE5B3CE24FB9058 /* DetailPage.swift in Sources */ = {isa = PBXBuildFile; fileRef = C4FCE08CDB0768A91EE201D4 /* DetailPage.swift */; };
		C9B89C3312CDC1E30E5FB6A7 /* OnboardingStep3.swift in Sources */ = {isa = PBXBuildFile; fileRef = D38B01F8D340001B888C4914 /* OnboardingStep3.swift */; };
		D8C88FB08729E40B3AFC2F66 /* DietFilterSheet.swift in Sources */ = {isa = PBXBuildFile; fileRef = 61CC014169B843863D037C40 /* DietFilterSheet.swift */; };
		EA392F901124B3D90A9ACF80 /* LoginPage.swift in Sources */ = {isa = PBXBuildFile; fileRef = 11B073A5104322EEA1BA57A3 /* LoginPage.swift */; };
		ED4F191B9464462660CB407F /* OnboardingStep1.swift in Sources */ = {isa = PBXBuildFile; fileRef = 6DC9D51EFE5FE4A7EDDDEE64 /* OnboardingStep1.swift */; };
		F91EA35AA220615CFE37D16A /* PaywallView.swift in Sources */ = {isa = PBXBuildFile; fileRef = 5AAD0FEC012B3493D4581539 /* PaywallView.swift */; };
/* End PBXBuildFile section */

/* Begin PBXFileReference section */
		11B073A5104322EEA1BA57A3 /* LoginPage.swift */ = {isa = PBXFileReference; lastKnownFileType = sourcecode.swift; path = LoginPage.swift; sourceTree = "<group>"; };
		1724116BDDA31121758E3453 /* PrivacyPage.swift */ = {isa = PBXFileReference; lastKnownFileType = sourcecode.swift; path = PrivacyPage.swift; sourceTree = "<group>"; };
		1AA24BC4004470F2393B2534 /* Constants.swift */ = {isa = PBXFileReference; lastKnownFileType = sourcecode.swift; path = Constants.swift; sourceTree = "<group>"; };
		28DEFA1CC9CFEAA7CD0D0D29 /* HealthView.swift */ = {isa = PBXFileReference; lastKnownFileType = sourcecode.swift; path = HealthView.swift; sourceTree = "<group>"; };
		375353668969A14E3770AC70 /* WhatToEat.app */ = {isa = PBXFileReference; includeInIndex = 0; lastKnownFileType = wrapper.application; path = WhatToEat.app; sourceTree = BUILT_PRODUCTS_DIR; };
		3E7786D76E62EA8119D3C3DB /* HistoryView.swift */ = {isa = PBXFileReference; lastKnownFileType = sourcecode.swift; path = HistoryView.swift; sourceTree = "<group>"; };
		5772D4EEFD5BAC36A5D0E1C9 /* MyProfilePage.swift */ = {isa = PBXFileReference; lastKnownFileType = sourcecode.swift; path = MyProfilePage.swift; sourceTree = "<group>"; };
		5AAD0FEC012B3493D4581539 /* PaywallView.swift */ = {isa = PBXFileReference; lastKnownFileType = sourcecode.swift; path = PaywallView.swift; sourceTree = "<group>"; };
		61CC014169B843863D037C40 /* DietFilterSheet.swift */ = {isa = PBXFileReference; lastKnownFileType = sourcecode.swift; path = DietFilterSheet.swift; sourceTree = "<group>"; };
		6226B4EFE0ADA2DAB981B343 /* AboutPage.swift */ = {isa = PBXFileReference; lastKnownFileType = sourcecode.swift; path = AboutPage.swift; sourceTree = "<group>"; };
		64C11AC27A2A45332B00F5EE /* ProfileView.swift */ = {isa = PBXFileReference; lastKnownFileType = sourcecode.swift; path = ProfileView.swift; sourceTree = "<group>"; };
		69C532A43FDC0731D2976AA1 /* DiscoverView.swift */ = {isa = PBXFileReference; lastKnownFileType = sourcecode.swift; path = DiscoverView.swift; sourceTree = "<group>"; };
		6DC9D51EFE5FE4A7EDDDEE64 /* OnboardingStep1.swift */ = {isa = PBXFileReference; lastKnownFileType = sourcecode.swift; path = OnboardingStep1.swift; sourceTree = "<group>"; };
		73484DA23F2C39660089EBE8 /* OnboardingStep2.swift */ = {isa = PBXFileReference; lastKnownFileType = sourcecode.swift; path = OnboardingStep2.swift; sourceTree = "<group>"; };
		8D607DA0783E67BBE83D97E3 /* ExploreView.swift */ = {isa = PBXFileReference; lastKnownFileType = sourcecode.swift; path = ExploreView.swift; sourceTree = "<group>"; };
		9958D86F73C23CADAA343592 /* FavoritesPage.swift */ = {isa = PBXFileReference; lastKnownFileType = sourcecode.swift; path = FavoritesPage.swift; sourceTree = "<group>"; };
		9CC2BD42C6894A8162709D65 /* HistoryPage.swift */ = {isa = PBXFileReference; lastKnownFileType = sourcecode.swift; path = HistoryPage.swift; sourceTree = "<group>"; };
		9DFD7EC0BC355F5B63F4999D /* HomeView.swift */ = {isa = PBXFileReference; lastKnownFileType = sourcecode.swift; path = HomeView.swift; sourceTree = "<group>"; };
		ACE1736B537F88CD0E019005 /* SubscriptionService.swift */ = {isa = PBXFileReference; lastKnownFileType = sourcecode.swift; path = SubscriptionService.swift; sourceTree = "<group>"; };
		C38C09EB728F3FEC89D9366C /* SwipeCardView.swift */ = {isa = PBXFileReference; lastKnownFileType = sourcecode.swift; path = SwipeCardView.swift; sourceTree = "<group>"; };
		C4FCE08CDB0768A91EE201D4 /* DetailPage.swift */ = {isa = PBXFileReference; lastKnownFileType = sourcecode.swift; path = DetailPage.swift; sourceTree = "<group>"; };
		CEE479D68260A79BA52E2D8B /* APIService.swift */ = {isa = PBXFileReference; lastKnownFileType = sourcecode.swift; path = APIService.swift; sourceTree = "<group>"; };
		D130CC27A701FA7B283E5E50 /* Dish.swift */ = {isa = PBXFileReference; lastKnownFileType = sourcecode.swift; path = Dish.swift; sourceTree = "<group>"; };
		D38B01F8D340001B888C4914 /* OnboardingStep3.swift */ = {isa = PBXFileReference; lastKnownFileType = sourcecode.swift; path = OnboardingStep3.swift; sourceTree = "<group>"; };
		D46272F771562B4B4CC2CC9C /* MockAPIService.swift */ = {isa = PBXFileReference; lastKnownFileType = sourcecode.swift; path = MockAPIService.swift; sourceTree = "<group>"; };
		D69E7B40C1114898FC7BC8F8 /* AIService.swift */ = {isa = PBXFileReference; lastKnownFileType = sourcecode.swift; path = AIService.swift; sourceTree = "<group>"; };
		E1F30B38D19A1C2CA2A107C9 /* HomeContentView.swift */ = {isa = PBXFileReference; lastKnownFileType = sourcecode.swift; path = HomeContentView.swift; sourceTree = "<group>"; };
		E284ADA43FAE26216B5707B8 /* WhatToEatApp.swift */ = {isa = PBXFileReference; lastKnownFileType = sourcecode.swift; path = WhatToEatApp.swift; sourceTree = "<group>"; };
		EA56450FAAE1A7175E2FE613 /* LaunchScreen.storyboard */ = {isa = PBXFileReference; lastKnownFileType = file.storyboard; path = LaunchScreen.storyboard; sourceTree = "<group>"; };
		F73600141533D226E68B2F04 /* MembershipPage.swift */ = {isa = PBXFileReference; lastKnownFileType = sourcecode.swift; path = MembershipPage.swift; sourceTree = "<group>"; };
		FC58454B70D77B4417EBD8FA /* CuisineSelectionPage.swift */ = {isa = PBXFileReference; lastKnownFileType = sourcecode.swift; path = CuisineSelectionPage.swift; sourceTree = "<group>"; };
/* End PBXFileReference section */

/* Begin PBXGroup section */
		1B2ACD646B8B8F8704FB636D = {
			isa = PBXGroup;
			children = (
				31432C19C672F95D4F28ED79 /* src */,
				57FA563F74C7D4BC51B71E55 /* Products */,
			);
			sourceTree = "<group>";
		};
		1D9DC2410C5268A199439901 /* Profile */ = {
			isa = PBXGroup;
			children = (
				5772D4EEFD5BAC36A5D0E1C9 /* MyProfilePage.swift */,
				64C11AC27A2A45332B00F5EE /* ProfileView.swift */,
			);
			path = Profile;
			sourceTree = "<group>";
		};
		27E4876F34D11C10FFCE2CAF /* App */ = {
			isa = PBXGroup;
			children = (
				E284ADA43FAE26216B5707B8 /* WhatToEatApp.swift */,
			);
			path = App;
			sourceTree = "<group>";
		};
		31432C19C672F95D4F28ED79 /* src */ = {
			isa = PBXGroup;
			children = (
				27E4876F34D11C10FFCE2CAF /* App */,
				D6B13EF9C6A3EDCA30C9D65B /* Models */,
				5F2C900C280089B368DEA5B7 /* Resources */,
				EE5F983B2E64F1426D462DB1 /* Services */,
				F8588C87202389C51FA204B5 /* Utils */,
				7DDEC5136565DC820EA525E5 /* Views */,
			);
			path = src;
			sourceTree = "<group>";
		};
		321FE7EA639A3464074CE4B5 /* Discover */ = {
			isa = PBXGroup;
			children = (
				69C532A43FDC0731D2976AA1 /* DiscoverView.swift */,
			);
			path = Discover;
			sourceTree = "<group>";
		};
		3405A57282398628D904CE6A /* Components */ = {
			isa = PBXGroup;
			children = (
				61CC014169B843863D037C40 /* DietFilterSheet.swift */,
				5AAD0FEC012B3493D4581539 /* PaywallView.swift */,
			);
			path = Components;
			sourceTree = "<group>";
		};
		44815DF9C073A73BFB0CCFE3 /* History */ = {
			isa = PBXGroup;
			children = (
				9CC2BD42C6894A8162709D65 /* HistoryPage.swift */,
				3E7786D76E62EA8119D3C3DB /* HistoryView.swift */,
			);
			path = History;
			sourceTree = "<group>";
		};
		532CE9BE3B3F812E5D19A449 /* Settings */ = {
			isa = PBXGroup;
			children = (
				6226B4EFE0ADA2DAB981B343 /* AboutPage.swift */,
				1724116BDDA31121758E3453 /* PrivacyPage.swift */,
			);
			path = Settings;
			sourceTree = "<group>";
		};
		56DF5222F732BDCACE55E441 /* Health */ = {
			isa = PBXGroup;
			children = (
				28DEFA1CC9CFEAA7CD0D0D29 /* HealthView.swift */,
			);
			path = Health;
			sourceTree = "<group>";
		};
		57FA563F74C7D4BC51B71E55 /* Products */ = {
			isa = PBXGroup;
			children = (
				375353668969A14E3770AC70 /* WhatToEat.app */,
			);
			name = Products;
			sourceTree = "<group>";
		};
		5F2C900C280089B368DEA5B7 /* Resources */ = {
			isa = PBXGroup;
			children = (
				EA56450FAAE1A7175E2FE613 /* LaunchScreen.storyboard */,
			);
			path = Resources;
			sourceTree = "<group>";
		};
		7DDEC5136565DC820EA525E5 /* Views */ = {
			isa = PBXGroup;
			children = (
				CD11B6AF08C47474666F4A56 /* Auth */,
				3405A57282398628D904CE6A /* Components */,
				D256BCA2A3BF3E45AE66FFBC /* Cuisine */,
				AD39197E77A47F0AFC1C83F4 /* Detail */,
				321FE7EA639A3464074CE4B5 /* Discover */,
				E0DBBAF3CE42E229F313D268 /* Explore */,
				D5E32E8C04A6893D20CF63EE /* Favorites */,
				56DF5222F732BDCACE55E441 /* Health */,
				44815DF9C073A73BFB0CCFE3 /* History */,
				89DC7CDB9A63BFEB3914447B /* Home */,
				8B9A9D9A4AE15ECDEE9B18CD /* Membership */,
				EB8648ADF937BD1D217E0DDD /* Onboarding */,
				1D9DC2410C5268A199439901 /* Profile */,
				532CE9BE3B3F812E5D19A449 /* Settings */,
			);
			path = Views;
			sourceTree = "<group>";
		};
		89DC7CDB9A63BFEB3914447B /* Home */ = {
			isa = PBXGroup;
			children = (
				E1F30B38D19A1C2CA2A107C9 /* HomeContentView.swift */,
				9DFD7EC0BC355F5B63F4999D /* HomeView.swift */,
				C38C09EB728F3FEC89D9366C /* SwipeCardView.swift */,
			);
			path = Home;
			sourceTree = "<group>";
		};
		8B9A9D9A4AE15ECDEE9B18CD /* Membership */ = {
			isa = PBXGroup;
			children = (
				F73600141533D226E68B2F04 /* MembershipPage.swift */,
			);
			path = Membership;
			sourceTree = "<group>";
		};
		AD39197E77A47F0AFC1C83F4 /* Detail */ = {
			isa = PBXGroup;
			children = (
				C4FCE08CDB0768A91EE201D4 /* DetailPage.swift */,
			);
			path = Detail;
			sourceTree = "<group>";
		};
		CD11B6AF08C47474666F4A56 /* Auth */ = {
			isa = PBXGroup;
			children = (
				11B073A5104322EEA1BA57A3 /* LoginPage.swift */,
			);
			path = Auth;
			sourceTree = "<group>";
		};
		D256BCA2A3BF3E45AE66FFBC /* Cuisine */ = {
			isa = PBXGroup;
			children = (
				FC58454B70D77B4417EBD8FA /* CuisineSelectionPage.swift */,
			);
			path = Cuisine;
			sourceTree = "<group>";
		};
		D5E32E8C04A6893D20CF63EE /* Favorites */ = {
			isa = PBXGroup;
			children = (
				9958D86F73C23CADAA343592 /* FavoritesPage.swift */,
			);
			path = Favorites;
			sourceTree = "<group>";
		};
		D6B13EF9C6A3EDCA30C9D65B /* Models */ = {
			isa = PBXGroup;
			children = (
				D130CC27A701FA7B283E5E50 /* Dish.swift */,
			);
			path = Models;
			sourceTree = "<group>";
		};
		E0DBBAF3CE42E229F313D268 /* Explore */ = {
			isa = PBXGroup;
			children = (
				8D607DA0783E67BBE83D97E3 /* ExploreView.swift */,
			);
			path = Explore;
			sourceTree = "<group>";
		};
		EB8648ADF937BD1D217E0DDD /* Onboarding */ = {
			isa = PBXGroup;
			children = (
				6DC9D51EFE5FE4A7EDDDEE64 /* OnboardingStep1.swift */,
				73484DA23F2C39660089EBE8 /* OnboardingStep2.swift */,
				D38B01F8D340001B888C4914 /* OnboardingStep3.swift */,
			);
			path = Onboarding;
			sourceTree = "<group>";
		};
		EE5F983B2E64F1426D462DB1 /* Services */ = {
			isa = PBXGroup;
			children = (
				D69E7B40C1114898FC7BC8F8 /* AIService.swift */,
				CEE479D68260A79BA52E2D8B /* APIService.swift */,
				D46272F771562B4B4CC2CC9C /* MockAPIService.swift */,
				ACE1736B537F88CD0E019005 /* SubscriptionService.swift */,
			);
			path = Services;
			sourceTree = "<group>";
		};
		F8588C87202389C51FA204B5 /* Utils */ = {
			isa = PBXGroup;
			children = (
				1AA24BC4004470F2393B2534 /* Constants.swift */,
			);
			path = Utils;
			sourceTree = "<group>";
		};
/* End PBXGroup section */

/* Begin PBXNativeTarget section */
		55830DCDEF2C64731B2EE557 /* WhatToEat */ = {
			isa = PBXNativeTarget;
			buildConfigurationList = 3CF60A64B5E533DED45407A0 /* Build configuration list for PBXNativeTarget "WhatToEat" */;
			buildPhases = (
				D8F04951B756D036182D07C3 /* Sources */,
				6173B34F5DD1C5B394C2DA1F /* Resources */,
			);
			buildRules = (
			);
			dependencies = (
			);
			name = WhatToEat;
			packageProductDependencies = (
			);
			productName = WhatToEat;
			productReference = 375353668969A14E3770AC70 /* WhatToEat.app */;
			productType = "com.apple.product-type.application";
		};
/* End PBXNativeTarget section */

/* Begin PBXProject section */
		2AD8C6736A438D70C4287987 /* Project object */ = {
			isa = PBXProject;
			attributes = {
				BuildIndependentTargetsInParallel = YES;
				LastUpgradeCheck = 1430;
				TargetAttributes = {
				};
			};
			buildConfigurationList = FEB793309F3A63811BC7E6A8 /* Build configuration list for PBXProject "WhatToEat" */;
			developmentRegion = en;
			hasScannedForEncodings = 0;
			knownRegions = (
				Base,
				en,
			);
			mainGroup = 1B2ACD646B8B8F8704FB636D;
			minimizedProjectReferenceProxies = 1;
			preferredProjectObjectVersion = 77;
			productRefGroup = 57FA563F74C7D4BC51B71E55 /* Products */;
			projectDirPath = "";
			projectRoot = "";
			targets = (
				55830DCDEF2C64731B2EE557 /* WhatToEat */,
			);
		};
/* End PBXProject section */

/* Begin PBXResourcesBuildPhase section */
		6173B34F5DD1C5B394C2DA1F /* Resources */ = {
			isa = PBXResourcesBuildPhase;
			buildActionMask = 2147483647;
			files = (
				803B584772F9FCA44FDF6DAC /* LaunchScreen.storyboard in Resources */,
			);
			runOnlyForDeploymentPostprocessing = 0;
		};
/* End PBXResourcesBuildPhase section */

/* Begin PBXSourcesBuildPhase section */
		D8F04951B756D036182D07C3 /* Sources */ = {
			isa = PBXSourcesBuildPhase;
			buildActionMask = 2147483647;
			files = (
				0CFA0600B842AC7648C8E6D2 /* AIService.swift in Sources */,
				1C9BB8710977F96BE0B16DFE /* APIService.swift in Sources */,
				6ED1EDF8FCFA6C9F04932432 /* AboutPage.swift in Sources */,
				41B050909369958EC507F1BC /* Constants.swift in Sources */,
				7039A909C079DDD9F853224E /* CuisineSelectionPage.swift in Sources */,
				C0BCE0BFFAE5B3CE24FB9058 /* DetailPage.swift in Sources */,
				D8C88FB08729E40B3AFC2F66 /* DietFilterSheet.swift in Sources */,
				20318B88B441E46ADF2DB30D /* DiscoverView.swift in Sources */,
				51A844ECD6A8616CF6284928 /* Dish.swift in Sources */,
				8BF4BE36BEDFEC62A5901027 /* ExploreView.swift in Sources */,
				80ABF3FEE8BF795E7FCFE588 /* FavoritesPage.swift in Sources */,
				A110AC1926323790276D6FFC /* HealthView.swift in Sources */,
				BADDBCAA4C07C254EAD6FF7F /* HistoryPage.swift in Sources */,
				39789FC26EB96415A049A94D /* HistoryView.swift in Sources */,
				139682E9EE7254B8BF5476FB /* HomeContentView.swift in Sources */,
				B0730DE53FC9E6D7EE64F1F3 /* HomeView.swift in Sources */,
				EA392F901124B3D90A9ACF80 /* LoginPage.swift in Sources */,
				15C47D46DC4B78D7D921376A /* MembershipPage.swift in Sources */,
				675A8941BCF8A44628188DBE /* MockAPIService.swift in Sources */,
				8E1A29E54B96F01E93256A5B /* MyProfilePage.swift in Sources */,
				ED4F191B9464462660CB407F /* OnboardingStep1.swift in Sources */,
				7B97AC04DE6EE8E2DBE4B1A0 /* OnboardingStep2.swift in Sources */,
				C9B89C3312CDC1E30E5FB6A7 /* OnboardingStep3.swift in Sources */,
				F91EA35AA220615CFE37D16A /* PaywallView.swift in Sources */,
				4F85813F8ECBB104BDDFEE92 /* PrivacyPage.swift in Sources */,
				B545243A0330CF97C601BB9A /* ProfileView.swift in Sources */,
				5DE256507DEA9DF8E744DEB1 /* SubscriptionService.swift in Sources */,
				7F37BDBEC381D7F63AF31002 /* SwipeCardView.swift in Sources */,
				13FB7E620C1BBB09BB00DCF3 /* WhatToEatApp.swift in Sources */,
			);
			runOnlyForDeploymentPostprocessing = 0;
		};
/* End PBXSourcesBuildPhase section */

/* Begin XCBuildConfiguration section */
		0111C0CC83CA409D6D34CD78 /* Release */ = {
			isa = XCBuildConfiguration;
			buildSettings = {
				ASSETCATALOG_COMPILER_APPICON_NAME = AppIcon;
				CODE_SIGN_IDENTITY = "iPhone Developer";
				IPHONEOS_DEPLOYMENT_TARGET = 18.0;
				LD_RUNPATH_SEARCH_PATHS = (
					"$(inherited)",
					"@executable_path/Frameworks",
				);
				SDKROOT = iphoneos;
				TARGETED_DEVICE_FAMILY = "1,2";
			};
			name = Release;
		};
		34CE4E9C8090EE5E5B57D134 /* Debug */ = {
			isa = XCBuildConfiguration;
			buildSettings = {
				ALWAYS_SEARCH_USER_PATHS = NO;
				CLANG_ANALYZER_NONNULL = YES;
				CLANG_ANALYZER_NUMBER_OBJECT_CONVERSION = YES_AGGRESSIVE;
				CLANG_CXX_LANGUAGE_STANDARD = "gnu++14";
				CLANG_CXX_LIBRARY = "libc++";
				CLANG_ENABLE_MODULES = YES;
				CLANG_ENABLE_OBJC_ARC = YES;
				CLANG_ENABLE_OBJC_WEAK = YES;
				CLANG_WARN_BLOCK_CAPTURE_AUTORELEASING = YES;
				CLANG_WARN_BOOL_CONVERSION = YES;
				CLANG_WARN_COMMA = YES;
				CLANG_WARN_CONSTANT_CONVERSION = YES;
				CLANG_WARN_DEPRECATED_OBJC_IMPLEMENTATIONS = YES;
				CLANG_WARN_DIRECT_OBJC_ISA_USAGE = YES_ERROR;
				CLANG_WARN_DOCUMENTATION_COMMENTS = YES;
				CLANG_WARN_EMPTY_BODY = YES;
				CLANG_WARN_ENUM_CONVERSION = YES;
				CLANG_WARN_INFINITE_RECURSION = YES;
				CLANG_WARN_INT_CONVERSION = YES;
				CLANG_WARN_NON_LITERAL_NULL_CONVERSION = YES;
				CLANG_WARN_OBJC_IMPLICIT_RETAIN_SELF = YES;
				CLANG_WARN_OBJC_LITERAL_CONVERSION = YES;
				CLANG_WARN_OBJC_ROOT_CLASS = YES_ERROR;
				CLANG_WARN_QUOTED_INCLUDE_IN_FRAMEWORK_HEADER = YES;
				CLANG_WARN_RANGE_LOOP_ANALYSIS = YES;
				CLANG_WARN_STRICT_PROTOTYPES = YES;
				CLANG_WARN_SUSPICIOUS_MOVE = YES;
				CLANG_WARN_UNGUARDED_AVAILABILITY = YES_AGGRESSIVE;
				CLANG_WARN_UNREACHABLE_CODE = YES;
				CLANG_WARN__DUPLICATE_METHOD_MATCH = YES;
				COPY_PHASE_STRIP = NO;
				DEBUG_INFORMATION_FORMAT = dwarf;
				ENABLE_STRICT_OBJC_MSGSEND = YES;
				ENABLE_TESTABILITY = YES;
				GCC_C_LANGUAGE_STANDARD = gnu11;
				GCC_DYNAMIC_NO_PIC = NO;
				GCC_NO_COMMON_BLOCKS = YES;
				GCC_OPTIMIZATION_LEVEL = 0;
				GCC_PREPROCESSOR_DEFINITIONS = (
					"$(inherited)",
					"DEBUG=1",
				);
				GCC_WARN_64_TO_32_BIT_CONVERSION = YES;
				GCC_WARN_ABOUT_RETURN_TYPE = YES_ERROR;
				GCC_WARN_UNDECLARED_SELECTOR = YES;
				GCC_WARN_UNINITIALIZED_AUTOS = YES_AGGRESSIVE;
				GCC_WARN_UNUSED_FUNCTION = YES;
				GCC_WARN_UNUSED_VARIABLE = YES;
				MTL_ENABLE_DEBUG_INFO = INCLUDE_SOURCE;
				MTL_FAST_MATH = YES;
				ONLY_ACTIVE_ARCH = YES;
				PRODUCT_NAME = "$(TARGET_NAME)";
				SDKROOT = iphoneos;
				SWIFT_ACTIVE_COMPILATION_CONDITIONS = DEBUG;
				SWIFT_OPTIMIZATION_LEVEL = "-Onone";
				SWIFT_VERSION = 5.0;
			};
			name = Debug;
		};
		7BB64A793E076E9145FC3DB1 /* Debug */ = {
			isa = XCBuildConfiguration;
			buildSettings = {
				ASSETCATALOG_COMPILER_APPICON_NAME = AppIcon;
				CODE_SIGN_IDENTITY = "iPhone Developer";
				IPHONEOS_DEPLOYMENT_TARGET = 18.0;
				LD_RUNPATH_SEARCH_PATHS = (
					"$(inherited)",
					"@executable_path/Frameworks",
				);
				SDKROOT = iphoneos;
				TARGETED_DEVICE_FAMILY = "1,2";
			};
			name = Debug;
		};
		BC403ECB3E91324B7CDE53A1 /* Release */ = {
			isa = XCBuildConfiguration;
			buildSettings = {
				ALWAYS_SEARCH_USER_PATHS = NO;
				CLANG_ANALYZER_NONNULL = YES;
				CLANG_ANALYZER_NUMBER_OBJECT_CONVERSION = YES_AGGRESSIVE;
				CLANG_CXX_LANGUAGE_STANDARD = "gnu++14";
				CLANG_CXX_LIBRARY = "libc++";
				CLANG_ENABLE_MODULES = YES;
				CLANG_ENABLE_OBJC_ARC = YES;
				CLANG_ENABLE_OBJC_WEAK = YES;
				CLANG_WARN_BLOCK_CAPTURE_AUTORELEASING = YES;
				CLANG_WARN_BOOL_CONVERSION = YES;
				CLANG_WARN_COMMA = YES;
				CLANG_WARN_CONSTANT_CONVERSION = YES;
				CLANG_WARN_DEPRECATED_OBJC_IMPLEMENTATIONS = YES;
				CLANG_WARN_DIRECT_OBJC_ISA_USAGE = YES_ERROR;
				CLANG_WARN_DOCUMENTATION_COMMENTS = YES;
				CLANG_WARN_EMPTY_BODY = YES;
				CLANG_WARN_ENUM_CONVERSION = YES;
				CLANG_WARN_INFINITE_RECURSION = YES;
				CLANG_WARN_INT_CONVERSION = YES;
				CLANG_WARN_NON_LITERAL_NULL_CONVERSION = YES;
				CLANG_WARN_OBJC_IMPLICIT_RETAIN_SELF = YES;
				CLANG_WARN_OBJC_LITERAL_CONVERSION = YES;
				CLANG_WARN_OBJC_ROOT_CLASS = YES_ERROR;
				CLANG_WARN_QUOTED_INCLUDE_IN_FRAMEWORK_HEADER = YES;
				CLANG_WARN_RANGE_LOOP_ANALYSIS = YES;
				CLANG_WARN_STRICT_PROTOTYPES = YES;
				CLANG_WARN_SUSPICIOUS_MOVE = YES;
				CLANG_WARN_UNGUARDED_AVAILABILITY = YES_AGGRESSIVE;
				CLANG_WARN_UNREACHABLE_CODE = YES;
				CLANG_WARN__DUPLICATE_METHOD_MATCH = YES;
				COPY_PHASE_STRIP = NO;
				DEBUG_INFORMATION_FORMAT = "dwarf-with-dsym";
				ENABLE_NS_ASSERTIONS = NO;
				ENABLE_STRICT_OBJC_MSGSEND = YES;
				GCC_C_LANGUAGE_STANDARD = gnu11;
				GCC_NO_COMMON_BLOCKS = YES;
				GCC_WARN_64_TO_32_BIT_CONVERSION = YES;
				GCC_WARN_ABOUT_RETURN_TYPE = YES_ERROR;
				GCC_WARN_UNDECLARED_SELECTOR = YES;
				GCC_WARN_UNINITIALIZED_AUTOS = YES_AGGRESSIVE;
				GCC_WARN_UNUSED_FUNCTION = YES;
				GCC_WARN_UNUSED_VARIABLE = YES;
				MTL_ENABLE_DEBUG_INFO = NO;
				MTL_FAST_MATH = YES;
				PRODUCT_NAME = "$(TARGET_NAME)";
				SDKROOT = iphoneos;
				SWIFT_COMPILATION_MODE = wholemodule;
				SWIFT_OPTIMIZATION_LEVEL = "-O";
				SWIFT_VERSION = 5.0;
			};
			name = Release;
		};
/* End XCBuildConfiguration section */

/* Begin XCConfigurationList section */
		3CF60A64B5E533DED45407A0 /* Build configuration list for PBXNativeTarget "WhatToEat" */ = {
			isa = XCConfigurationList;
			buildConfigurations = (
				7BB64A793E076E9145FC3DB1 /* Debug */,
				0111C0CC83CA409D6D34CD78 /* Release */,
			);
			defaultConfigurationIsVisible = 0;
			defaultConfigurationName = Debug;
		};
		FEB793309F3A63811BC7E6A8 /* Build configuration list for PBXProject "WhatToEat" */ = {
			isa = XCConfigurationList;
			buildConfigurations = (
				34CE4E9C8090EE5E5B57D134 /* Debug */,
				BC403ECB3E91324B7CDE53A1 /* Release */,
			);
			defaultConfigurationIsVisible = 0;
			defaultConfigurationName = Debug;
		};
/* End XCConfigurationList section */
	};
	rootObject = 2AD8C6736A438D70C4287987 /* Project object */;
}
